
Microsoft Visual Studio Solution File, Format Version 12.00
# Visual Studio 15
VisualStudioVersion = 15.0.27428.2037
MinimumVisualStudioVersion = 10.0.40219.1
Project("{FAE04EC0-301F-11D3-BF4B-00C04F79EFBC}") = "GrievanceManuu", "GrievanceManuu.csproj", "{D3BF6632-3256-4314-8C32-AD283BA4968F}"
EndProject
Global
	GlobalSection(SolutionConfigurationPlatforms) = preSolution
		Debug|Any CPU = Debug|Any CPU
		Release|Any CPU = Release|Any CPU
	EndGlobalSection
	GlobalSection(ProjectConfigurationPlatforms) = postSolution
		{D3BF6632-3256-4314-8C32-AD283BA4968F}.Debug|Any CPU.ActiveCfg = Debug|Any CPU
		{D3BF6632-3256-4314-8C32-AD283BA4968F}.Debug|Any CPU.Build.0 = Debug|Any CPU
		{D3BF6632-3256-4314-8C32-AD283BA4968F}.Release|Any CPU.ActiveCfg = Release|Any CPU
		{D3BF6632-3256-4314-8C32-AD283BA4968F}.Release|Any CPU.Build.0 = Release|Any CPU
	EndGlobalSection
	GlobalSection(SolutionProperties) = preSolution
		HideSolutionNode = FALSE
	EndGlobalSection
	GlobalSection(ExtensibilityGlobals) = postSolution
		SolutionGuid = {8208E6A0-08BB-44DC-BBBA-95957339D186}
	EndGlobalSection
EndGlobal
